
Microsoft Visual Studio Solution File, Format Version 12.00
# Visual Studio Version 17
VisualStudioVersion = 17.9.34728.123
MinimumVisualStudioVersion = 10.0.40219.1
Project("{FAE04EC0-301F-11D3-BF4B-00C04F79EFBC}") = "aruizT2", "aruizT2.csproj", "{EE2A5B7E-CC1E-4907-B3E7-A50EF2C9F8BC}"
EndProject
Global
	GlobalSection(SolutionConfigurationPlatforms) = preSolution
		Debug|Any CPU = Debug|Any CPU
		Release|Any CPU = Release|Any CPU
	EndGlobalSection
	GlobalSection(ProjectConfigurationPlatforms) = postSolution
		{EE2A5B7E-CC1E-4907-B3E7-A50EF2C9F8BC}.Debug|Any CPU.ActiveCfg = Debug|Any CPU
		{EE2A5B7E-CC1E-4907-B3E7-A50EF2C9F8BC}.Debug|Any CPU.Build.0 = Debug|Any CPU
		{EE2A5B7E-CC1E-4907-B3E7-A50EF2C9F8BC}.Debug|Any CPU.Deploy.0 = Debug|Any CPU
		{EE2A5B7E-CC1E-4907-B3E7-A50EF2C9F8BC}.Release|Any CPU.ActiveCfg = Release|Any CPU
		{EE2A5B7E-CC1E-4907-B3E7-A50EF2C9F8BC}.Release|Any CPU.Build.0 = Release|Any CPU
		{EE2A5B7E-CC1E-4907-B3E7-A50EF2C9F8BC}.Release|Any CPU.Deploy.0 = Release|Any CPU
	EndGlobalSection
	GlobalSection(SolutionProperties) = preSolution
		HideSolutionNode = FALSE
	EndGlobalSection
	GlobalSection(ExtensibilityGlobals) = postSolution
		SolutionGuid = {90B55FB4-F315-4B05-9502-98ACEE19DB2F}
	EndGlobalSection
EndGlobal
